
Microsoft Visual Studio Solution File, Format Version 12.00
# Visual Studio 15
VisualStudioVersion = 15.0.26403.7
MinimumVisualStudioVersion = 10.0.40219.1
Project("{FAE04EC0-301F-11D3-BF4B-00C04F79EFBC}") = "Trainings.Web", "Trainings.Web\Trainings.Web.csproj", "{2E91F76F-3E3F-4B4C-B63D-7D78E75CF5EC}"
EndProject
Project("{FAE04EC0-301F-11D3-BF4B-00C04F79EFBC}") = "Trainings.Core", "Trainings.Core\Trainings.Core.csproj", "{DB832066-4F9F-42A2-8357-2A375188441B}"
EndProject
Project("{FAE04EC0-301F-11D3-BF4B-00C04F79EFBC}") = "Trainings.Infrastructure", "Trainings.Infrastructure\Trainings.Infrastructure.csproj", "{54D24743-F7EB-41D4-ACD8-230FB4494AB2}"
EndProject
Project("{FAE04EC0-301F-11D3-BF4B-00C04F79EFBC}") = "Trainings.Tests", "Trainings.Tests\Trainings.Tests.csproj", "{C6C0DFC1-5A6C-4DDE-9C49-536A163CBD9E}"
EndProject
Project("{FAE04EC0-301F-11D3-BF4B-00C04F79EFBC}") = "Trainings.IntegrationTests", "Trainings.IntegrationTests\Trainings.IntegrationTests.csproj", "{E4436A19-EDCE-4886-B087-34B95A8FF55E}"
EndProject
Global
	GlobalSection(SolutionConfigurationPlatforms) = preSolution
		Debug|Any CPU = Debug|Any CPU
		Release|Any CPU = Release|Any CPU
	EndGlobalSection
	GlobalSection(ProjectConfigurationPlatforms) = postSolution
		{2E91F76F-3E3F-4B4C-B63D-7D78E75CF5EC}.Debug|Any CPU.ActiveCfg = Debug|Any CPU
		{2E91F76F-3E3F-4B4C-B63D-7D78E75CF5EC}.Debug|Any CPU.Build.0 = Debug|Any CPU
		{2E91F76F-3E3F-4B4C-B63D-7D78E75CF5EC}.Release|Any CPU.ActiveCfg = Release|Any CPU
		{2E91F76F-3E3F-4B4C-B63D-7D78E75CF5EC}.Release|Any CPU.Build.0 = Release|Any CPU
		{DB832066-4F9F-42A2-8357-2A375188441B}.Debug|Any CPU.ActiveCfg = Debug|Any CPU
		{DB832066-4F9F-42A2-8357-2A375188441B}.Debug|Any CPU.Build.0 = Debug|Any CPU
		{DB832066-4F9F-42A2-8357-2A375188441B}.Release|Any CPU.ActiveCfg = Release|Any CPU
		{DB832066-4F9F-42A2-8357-2A375188441B}.Release|Any CPU.Build.0 = Release|Any CPU
		{54D24743-F7EB-41D4-ACD8-230FB4494AB2}.Debug|Any CPU.ActiveCfg = Debug|Any CPU
		{54D24743-F7EB-41D4-ACD8-230FB4494AB2}.Debug|Any CPU.Build.0 = Debug|Any CPU
		{54D24743-F7EB-41D4-ACD8-230FB4494AB2}.Release|Any CPU.ActiveCfg = Release|Any CPU
		{54D24743-F7EB-41D4-ACD8-230FB4494AB2}.Release|Any CPU.Build.0 = Release|Any CPU
		{C6C0DFC1-5A6C-4DDE-9C49-536A163CBD9E}.Debug|Any CPU.ActiveCfg = Debug|Any CPU
		{C6C0DFC1-5A6C-4DDE-9C49-536A163CBD9E}.Debug|Any CPU.Build.0 = Debug|Any CPU
		{C6C0DFC1-5A6C-4DDE-9C49-536A163CBD9E}.Release|Any CPU.ActiveCfg = Release|Any CPU
		{C6C0DFC1-5A6C-4DDE-9C49-536A163CBD9E}.Release|Any CPU.Build.0 = Release|Any CPU
		{E4436A19-EDCE-4886-B087-34B95A8FF55E}.Debug|Any CPU.ActiveCfg = Debug|Any CPU
		{E4436A19-EDCE-4886-B087-34B95A8FF55E}.Debug|Any CPU.Build.0 = Debug|Any CPU
		{E4436A19-EDCE-4886-B087-34B95A8FF55E}.Release|Any CPU.ActiveCfg = Release|Any CPU
		{E4436A19-EDCE-4886-B087-34B95A8FF55E}.Release|Any CPU.Build.0 = Release|Any CPU
	EndGlobalSection
	GlobalSection(SolutionProperties) = preSolution
		HideSolutionNode = FALSE
	EndGlobalSection
EndGlobal
